{
  "nodes": {
    "libplacebo-src": {
      "flake": false,
      "locked": {
        "lastModified": 1685447741,
        "narHash": "sha256-oLvAz3SKh9oIEpg9seG6Of0FT3FSvcv5Of4tiVcwH18=",
        "owner": "haasn",
        "repo": "libplacebo",
        "rev": "e68461922179f33255e30068fa8e5fca622861a3",
        "type": "github"
      },
      "original": {
        "owner": "haasn",
        "repo": "libplacebo",
        "type": "github"
      }
    },
    "mpv-src": {
      "flake": false,
      "locked": {
        "lastModified": 1685910343,
        "narHash": "sha256-i9NqMsim2m4DLpY1xfy4DF0+cSZCW8CVbENbHuuSCWY=",
        "owner": "mpv-player",
        "repo": "mpv",
        "rev": "effc68063bc3b4c856d70b8c6800d5bdb072815c",
        "type": "github"
      },
      "original": {
        "owner": "mpv-player",
        "repo": "mpv",
        "type": "github"
      }
    },
    "root": {
      "inputs": {
        "libplacebo-src": "libplacebo-src",
        "mpv-src": "mpv-src"
      }
    }
  },
  "root": "root",
  "version": 7
}
