{
  "nodes": {
    "libplacebo-src": {
      "flake": false,
      "locked": {
        "lastModified": 1688565206,
        "narHash": "sha256-HFvM/0M32/GQQut7Ec+OuLuoaiNme3f0rjUrW95q8/8=",
        "owner": "haasn",
        "repo": "libplacebo",
        "rev": "6bdb786e24dbd8978380caa0f8945cf64183b4af",
        "type": "github"
      },
      "original": {
        "owner": "haasn",
        "repo": "libplacebo",
        "type": "github"
      }
    },
    "mpv-src": {
      "flake": false,
      "locked": {
        "lastModified": 1688508883,
        "narHash": "sha256-ueGt7xRrGYjHfIQcq/NrDw3LWaRf+BL6Q4mdQgAkhu0=",
        "owner": "mpv-player",
        "repo": "mpv",
        "rev": "48e0ee9979c2928edef813e64592217420dbd4a0",
        "type": "github"
      },
      "original": {
        "owner": "mpv-player",
        "repo": "mpv",
        "type": "github"
      }
    },
    "root": {
      "inputs": {
        "libplacebo-src": "libplacebo-src",
        "mpv-src": "mpv-src"
      }
    }
  },
  "root": "root",
  "version": 7
}
